{
  "name": "gtd232.github.io",
  "lockfileVersion": 3,
  "requires": true,
  "packages": {
    "": {
      "dependencies": {
        "hexo-theme-redefine": "^0.4.6"
      }
    },
    "node_modules/hexo-theme-redefine": {
      "version": "0.4.6",
      "resolved": "https://registry.npmmirror.com/hexo-theme-redefine/-/hexo-theme-redefine-0.4.6.tgz",
      "integrity": "sha512-sSbl+C3jkg35vHzB7w5efY0yoJWFGQySk+XepPs8R99U4dbfWk0qYtfT1m4hNH7NhBpMU1EhFtkWUyLCxcwe2g=="
    }
  }
}
